
Microsoft Visual Studio Solution File, Format Version 12.00
# Visual Studio Version 17
VisualStudioVersion = 17.8.34408.163
MinimumVisualStudioVersion = 10.0.40219.1
Project("{FAE04EC0-301F-11D3-BF4B-00C04F79EFBC}") = "Deneme", "Deneme.csproj", "{1C5C75ED-34F7-4505-8BDF-EDB097CF2252}"
EndProject
Global
	GlobalSection(SolutionConfigurationPlatforms) = preSolution
		Debug|Any CPU = Debug|Any CPU
		Release|Any CPU = Release|Any CPU
	EndGlobalSection
	GlobalSection(ProjectConfigurationPlatforms) = postSolution
		{1C5C75ED-34F7-4505-8BDF-EDB097CF2252}.Debug|Any CPU.ActiveCfg = Debug|Any CPU
		{1C5C75ED-34F7-4505-8BDF-EDB097CF2252}.Debug|Any CPU.Build.0 = Debug|Any CPU
		{1C5C75ED-34F7-4505-8BDF-EDB097CF2252}.Release|Any CPU.ActiveCfg = Release|Any CPU
		{1C5C75ED-34F7-4505-8BDF-EDB097CF2252}.Release|Any CPU.Build.0 = Release|Any CPU
	EndGlobalSection
	GlobalSection(SolutionProperties) = preSolution
		HideSolutionNode = FALSE
	EndGlobalSection
	GlobalSection(ExtensibilityGlobals) = postSolution
		SolutionGuid = {DD48C989-4759-44FF-BDB7-BC9988606F3F}
	EndGlobalSection
EndGlobal
